<?xml version="1.0" encoding="utf-8"?>
<Project ToolsVersion="4.0" xmlns="http://schemas.microsoft.com/developer/msbuild/2003">
  <ItemGroup>
    <Filter Include="Ui">
      <UniqueIdentifier>{675e0986-428d-404e-9215-83fbb43b8a11}</UniqueIdentifier>
    </Filter>
    <Filter Include="Ui\Main">
      <UniqueIdentifier>{ade57ed7-0aec-4370-907a-a9f09c65a8b7}</UniqueIdentifier>
    </Filter>
    <Filter Include="Ui\NavBar">
      <UniqueIdentifier>{eec087ab-fda2-4d9f-bbe5-b5fb8f7f119f}</UniqueIdentifier>
    </Filter>
    <Filter Include="Ui\Routes">
      <UniqueIdentifier>{9307f9d8-b53b-43bc-806c-e2b5bddc5bff}</UniqueIdentifier>
    </Filter>
    <Filter Include="Ui\Routes\Projects">
      <UniqueIdentifier>{a302b5af-47fc-4027-9c0e-c2244c3ed218}</UniqueIdentifier>
    </Filter>
    <Filter Include="Ui\General">
      <UniqueIdentifier>{5feccb6d-0fc2-46e9-8c76-5ef31cfa6e52}</UniqueIdentifier>
    </Filter>
    <Filter Include="Routing">
      <UniqueIdentifier>{5ad9d2c6-7112-483e-940b-aede35536d61}</UniqueIdentifier>
    </Filter>
    <Filter Include="Base">
      <UniqueIdentifier>{a24b98c8-17b6-41b1-b600-6421e73fb869}</UniqueIdentifier>
    </Filter>
  </ItemGroup>
  <ItemGroup>
    <ClCompile Include="TurtleMainWindow.cpp">
      <Filter>Ui\Main</Filter>
    </ClCompile>
    <ClCompile Include="main.cpp" />
    <ClCompile Include="NavBar.cpp">
      <Filter>Ui\NavBar</Filter>
    </ClCompile>
    <ClCompile Include="ProjectsView.cpp">
      <Filter>Ui\Routes\Projects</Filter>
    </ClCompile>
    <ClCompile Include="Router.cpp">
      <Filter>Routing</Filter>
    </ClCompile>
  </ItemGroup>
  <ItemGroup>
    <QtMoc Include="TurtleMainWindow.h">
      <Filter>Ui\Main</Filter>
    </QtMoc>
    <QtMoc Include="NavBar.h">
      <Filter>Ui\NavBar</Filter>
    </QtMoc>
  </ItemGroup>
  <ItemGroup>
    <QtUic Include="TurtleMainWindow.ui">
      <Filter>Ui\Main</Filter>
    </QtUic>
  </ItemGroup>
  <ItemGroup>
    <ClInclude Include="ProjectsView.h">
      <Filter>Ui\Routes\Projects</Filter>
    </ClInclude>
    <ClInclude Include="Router.h">
      <Filter>Routing</Filter>
    </ClInclude>
    <ClInclude Include="TMemory.h">
      <Filter>Base</Filter>
    </ClInclude>
  </ItemGroup>
  <ItemGroup>
    <QtRcc Include="TurtleMainWindow.qrc" />
  </ItemGroup>
</Project>